
Microsoft Visual Studio Solution File, Format Version 12.00
# Visual Studio Version 16
VisualStudioVersion = 16.0.30413.136
MinimumVisualStudioVersion = 10.0.40219.1
Project("{9A19103F-16F7-4668-BE54-9A1E7A4F7556}") = "CCLLC.CDS.Sdk.Data", "CCLLC.CDS.Sdk.Data\CCLLC.CDS.Sdk.Data.csproj", "{642D436F-0839-444F-8FD4-955205F98564}"
EndProject
Project("{2150E333-8FDC-42A3-9474-1A3956D46DE8}") = "Pipeline", "Pipeline", "{306F108C-E2EC-4B7D-8DA2-E01A0D196A56}"
	ProjectSection(SolutionItems) = preProject
		azure-pipelines.yml = azure-pipelines.yml
	EndProjectSection
EndProject
Global
	GlobalSection(SolutionConfigurationPlatforms) = preSolution
		Debug|Any CPU = Debug|Any CPU
		Release|Any CPU = Release|Any CPU
	EndGlobalSection
	GlobalSection(ProjectConfigurationPlatforms) = postSolution
		{642D436F-0839-444F-8FD4-955205F98564}.Debug|Any CPU.ActiveCfg = Debug|Any CPU
		{642D436F-0839-444F-8FD4-955205F98564}.Debug|Any CPU.Build.0 = Debug|Any CPU
		{642D436F-0839-444F-8FD4-955205F98564}.Release|Any CPU.ActiveCfg = Release|Any CPU
		{642D436F-0839-444F-8FD4-955205F98564}.Release|Any CPU.Build.0 = Release|Any CPU
	EndGlobalSection
	GlobalSection(SolutionProperties) = preSolution
		HideSolutionNode = FALSE
	EndGlobalSection
	GlobalSection(ExtensibilityGlobals) = postSolution
		SolutionGuid = {BE8A34BD-CD16-444B-8399-045AAF7102E7}
	EndGlobalSection
EndGlobal
